
Microsoft Visual Studio Solution File, Format Version 12.00
# Visual Studio Version 17
VisualStudioVersion = 17.14.36203.30 d17.14
MinimumVisualStudioVersion = 10.0.40219.1
Project("{FAE04EC0-301F-11D3-BF4B-00C04F79EFBC}") = "Entities", "Entities\Entities.csproj", "{BC117914-6813-4995-B9A2-E652C4364DDF}"
EndProject
Project("{FAE04EC0-301F-11D3-BF4B-00C04F79EFBC}") = "Repositries", "Repositries\Repositries.csproj", "{E66041AB-6922-468E-8D38-BCD2934C7EE5}"
EndProject
Project("{FAE04EC0-301F-11D3-BF4B-00C04F79EFBC}") = "Business", "Business\Business.csproj", "{4958F1EE-92D9-4696-96A9-D7DF2F547AD4}"
EndProject
Project("{FAE04EC0-301F-11D3-BF4B-00C04F79EFBC}") = "API", "API\API.csproj", "{B46DB9FF-44CA-4D2F-B104-84538918BF68}"
EndProject
Global
	GlobalSection(SolutionConfigurationPlatforms) = preSolution
		Debug|Any CPU = Debug|Any CPU
		Release|Any CPU = Release|Any CPU
	EndGlobalSection
	GlobalSection(ProjectConfigurationPlatforms) = postSolution
		{BC117914-6813-4995-B9A2-E652C4364DDF}.Debug|Any CPU.ActiveCfg = Debug|Any CPU
		{BC117914-6813-4995-B9A2-E652C4364DDF}.Debug|Any CPU.Build.0 = Debug|Any CPU
		{BC117914-6813-4995-B9A2-E652C4364DDF}.Release|Any CPU.ActiveCfg = Release|Any CPU
		{BC117914-6813-4995-B9A2-E652C4364DDF}.Release|Any CPU.Build.0 = Release|Any CPU
		{E66041AB-6922-468E-8D38-BCD2934C7EE5}.Debug|Any CPU.ActiveCfg = Debug|Any CPU
		{E66041AB-6922-468E-8D38-BCD2934C7EE5}.Debug|Any CPU.Build.0 = Debug|Any CPU
		{E66041AB-6922-468E-8D38-BCD2934C7EE5}.Release|Any CPU.ActiveCfg = Release|Any CPU
		{E66041AB-6922-468E-8D38-BCD2934C7EE5}.Release|Any CPU.Build.0 = Release|Any CPU
		{4958F1EE-92D9-4696-96A9-D7DF2F547AD4}.Debug|Any CPU.ActiveCfg = Debug|Any CPU
		{4958F1EE-92D9-4696-96A9-D7DF2F547AD4}.Debug|Any CPU.Build.0 = Debug|Any CPU
		{4958F1EE-92D9-4696-96A9-D7DF2F547AD4}.Release|Any CPU.ActiveCfg = Release|Any CPU
		{4958F1EE-92D9-4696-96A9-D7DF2F547AD4}.Release|Any CPU.Build.0 = Release|Any CPU
		{B46DB9FF-44CA-4D2F-B104-84538918BF68}.Debug|Any CPU.ActiveCfg = Debug|Any CPU
		{B46DB9FF-44CA-4D2F-B104-84538918BF68}.Debug|Any CPU.Build.0 = Debug|Any CPU
		{B46DB9FF-44CA-4D2F-B104-84538918BF68}.Release|Any CPU.ActiveCfg = Release|Any CPU
		{B46DB9FF-44CA-4D2F-B104-84538918BF68}.Release|Any CPU.Build.0 = Release|Any CPU
	EndGlobalSection
	GlobalSection(SolutionProperties) = preSolution
		HideSolutionNode = FALSE
	EndGlobalSection
	GlobalSection(ExtensibilityGlobals) = postSolution
		SolutionGuid = {18A469AC-84E0-416B-8F75-339D37155E97}
	EndGlobalSection
EndGlobal
